#MicroXplorer Configuration settings - do not modify
Mcu.Family=STM32F4
ProjectManager.MainLocation=Core/Src
PG8.GPIO_ModeDefaultOutputPP=GPIO_MODE_OUTPUT_PP
PD12.GPIO_Label=PORT_H
SH.S_TIM4_CH2.ConfNb=1
PI7.GPIOParameters=GPIO_Label
RCC.CortexFreq_Value=168000000
PG6.PinState=GPIO_PIN_RESET
PG6.Signal=GPIO_Output
PH12.Signal=S_TIM5_CH3
PH12.Locked=true
ProjectManager.KeepUserCode=true
Mcu.UserName=STM32F427IIHx
PE11.GPIOParameters=GPIO_Label
PH10.Signal=S_TIM5_CH1
PG2.GPIO_PuPd=GPIO_NOPULL
PG2.Signal=GPIO_Output
PE11.GPIO_Label=LED_RED
PG8.Signal=GPIO_Output
PG4.Signal=GPIO_Output
PG8.Locked=true
PG6.Locked=true
PG4.Locked=true
RCC.PLLCLKFreq_Value=168000000
PG2.Locked=true
PG6.GPIO_Label=LED_C
RCC.PLLQCLKFreq_Value=48000000
PG3.GPIOParameters=GPIO_Speed,PinState,GPIO_PuPd,GPIO_Label,GPIO_ModeDefaultOutputPP
ProjectManager.functionlistsort=1-MX_GPIO_Init-GPIO-false-HAL-true,2-SystemClock_Config-RCC-false-HAL-false,3-MX_CAN1_Init-CAN1-false-HAL-true,4-MX_TIM2_Init-TIM2-false-HAL-true,5-MX_TIM4_Init-TIM4-false-HAL-true,6-MX_TIM5_Init-TIM5-false-HAL-true,7-MX_TIM8_Init-TIM8-false-HAL-true,8-MX_RNG_Init-RNG-false-HAL-true,9-MX_RTC_Init-RTC-false-HAL-true
SH.S_TIM5_CH2.0=TIM5_CH2,PWM Generation2 CH2
VP_RTC_VS_RTC_Activate.Mode=RTC_Enabled
PH10.Locked=true
RCC.RTCFreq_Value=32000
PA0/WKUP.Signal=S_TIM2_CH1_ETR
PA3.GPIOParameters=GPIO_Label
PI6.GPIO_Label=PORT_X
TIM8.Channel-PWM\ Generation4\ CH4=TIM_CHANNEL_4
PD0.Locked=true
PI5.GPIO_Label=PORT_W
PH5.GPIO_Label=POWER4_CTRL
PG5.GPIO_ModeDefaultOutputPP=GPIO_MODE_OUTPUT_PP
TIM2.Channel-PWM\ Generation2\ CH2=TIM_CHANNEL_2
SH.S_TIM4_CH4.ConfNb=1
PG5.GPIO_Label=LED_D
PI0.GPIOParameters=GPIO_Label
PA2.GPIOParameters=GPIO_Label
PG2.GPIOParameters=GPIO_Speed,PinState,GPIO_PuPd,GPIO_Label,GPIO_ModeDefaultOutputPP
PinOutPanel.RotationAngle=0
PH5.GPIOParameters=GPIO_Label
RCC.SYSCLKSource=RCC_SYSCLKSOURCE_PLLCLK
ProjectManager.StackSize=0x400
PG3.GPIO_PuPd=GPIO_NOPULL
PG2.GPIO_Speed=GPIO_SPEED_FREQ_LOW
RCC.SAI_BClocksFreq_Value=24500000
PD13.Signal=S_TIM4_CH2
Mcu.IP4=RNG
RCC.FCLKCortexFreq_Value=168000000
Mcu.IP5=RTC
PD13.Locked=true
Mcu.IP2=NVIC
NVIC.SVCall_IRQn=true\:0\:0\:false\:false\:false\:false\:false\:false
Mcu.IP3=RCC
Mcu.IP0=CAN1
Mcu.IP1=FREERTOS
PH4.GPIOParameters=GPIO_Label
PH5.Signal=GPIO_Output
Mcu.UserConstants=APB2_TIMER_CLOCKS,168000000;APB1_TIMER_CLOCKS,84000000;PWM_RESOLUTION,10000;PWM_FREQUENCE,50;PWM_DEFAULT_DUTY,5000;TIM_PSC_APB1,((APB1_TIMER_CLOCKS/PWM_FREQUENCE)/PWM_RESOLUTION -1);TIM_PSC_APB2,((APB2_TIMER_CLOCKS/PWM_FREQUENCE)/PWM_RESOLUTION -1)
PD15.GPIOParameters=GPIO_Label
PH3.Locked=true
Mcu.ThirdPartyNb=0
PH0/OSC_IN.Mode=HSE-External-Oscillator
PG3.GPIO_ModeDefaultOutputPP=GPIO_MODE_OUTPUT_PP
RCC.HCLKFreq_Value=168000000
TIM8.Channel-PWM\ Generation1\ CH1=TIM_CHANNEL_1
Mcu.IPNb=11
RCC.I2SClocksFreq_Value=192000000
TIM2.IPParameters=Channel-PWM Generation1 CH1,Channel-PWM Generation2 CH2,Channel-PWM Generation3 CH3,Channel-PWM Generation4 CH4
ProjectManager.PreviousToolchain=
PG2.GPIO_ModeDefaultOutputPP=GPIO_MODE_OUTPUT_PP
RCC.APB2TimFreq_Value=168000000
RCC.VcooutputI2S=192000000
PG8.GPIOParameters=GPIO_Speed,PinState,GPIO_PuPd,GPIO_Label,GPIO_ModeDefaultOutputPP
PA0/WKUP.Locked=true
PH1/OSC_OUT.Signal=RCC_OSC_OUT
SH.S_TIM5_CH3.0=TIM5_CH3,PWM Generation3 CH3
PD0.Signal=CAN1_RX
Mcu.Pin6=PD1
PG5.GPIO_PuPd=GPIO_NOPULL
Mcu.Pin7=PI2
Mcu.Pin8=PI0
Mcu.Pin9=PH2
RCC.VCOSAIOutputFreq_Value=98000000
FREERTOS.IPParameters=Tasks01
RCC.AHBFreq_Value=168000000
Mcu.Pin0=PA14
PH10.GPIO_Label=PORT_D
Mcu.Pin1=PA13
TIM8.IPParameters=Channel-PWM Generation1 CH1,Channel-PWM Generation2 CH2,Channel-PWM Generation3 CH3,Channel-PWM Generation4 CH4
GPIO.groupedBy=Group By Peripherals
Mcu.Pin2=PD0
Mcu.Pin3=PI7
Mcu.Pin4=PI6
Mcu.Pin5=PI5
ProjectManager.ProjectBuild=false
RCC.HSE_VALUE=12000000
TIM4.Channel-PWM\ Generation3\ CH3=TIM_CHANNEL_3
NVIC.UsageFault_IRQn=true\:0\:0\:false\:false\:true\:false\:false\:false
NVIC.DebugMonitor_IRQn=true\:0\:0\:false\:false\:true\:false\:false\:false
Mcu.IP10=TIM8
NVIC.SysTick_IRQn=true\:15\:0\:false\:false\:false\:true\:false\:false
PG1.GPIOParameters=GPIO_Speed,PinState,GPIO_PuPd,GPIO_Label,GPIO_ModeDefaultOutputPP
ProjectManager.FirmwarePackage=STM32Cube FW_F4 V1.25.0
MxDb.Version=DB.5.0.60
PI7.Locked=true
PG6.GPIO_PuPd=GPIO_NOPULL
PA1.GPIOParameters=GPIO_Label
ProjectManager.BackupPrevious=false
RCC.VCOInputFreq_Value=2000000
PG4.GPIO_Speed=GPIO_SPEED_FREQ_LOW
TIM5.Channel-PWM\ Generation4\ CH4=TIM_CHANNEL_4
PI5.Locked=true
PA14.Mode=Serial_Wire
PI5.Signal=S_TIM8_CH1
PI2.Locked=true
PI6.Signal=S_TIM8_CH2
PI0.Signal=S_TIM5_CH4
File.Version=6
PG4.GPIO_Label=LED_E
SH.S_TIM4_CH2.0=TIM4_CH2,PWM Generation2 CH2
PH3.GPIOParameters=GPIO_Label
PG7.GPIO_PuPd=GPIO_NOPULL
TIM2.Channel-PWM\ Generation1\ CH1=TIM_CHANNEL_1
NVIC.PendSV_IRQn=true\:15\:0\:false\:false\:false\:true\:false\:false
SH.S_TIM5_CH2.ConfNb=1
VP_FREERTOS_VS_CMSIS_V1.Mode=CMSIS_V1
PH1/OSC_OUT.Mode=HSE-External-Oscillator
ProjectManager.HalAssertFull=false
SH.S_TIM8_CH1.ConfNb=1
ProjectManager.ProjectName=DevACustom
SH.S_TIM8_CH3.ConfNb=1
PG6.GPIO_ModeDefaultOutputPP=GPIO_MODE_OUTPUT_PP
RCC.MCO2PinFreq_Value=168000000
PH10.GPIOParameters=GPIO_Label
PD13.GPIO_Label=PORT_G
CAN1.Prescaler=3
PG4.PinState=GPIO_PIN_RESET
Mcu.Package=UFBGA176
TIM8.Channel-PWM\ Generation3\ CH3=TIM_CHANNEL_3
SH.S_TIM8_CH4.0=TIM8_CH4,PWM Generation4 CH4
NVIC.TimeBase=TIM7_IRQn
PG5.GPIOParameters=GPIO_Speed,PinState,GPIO_PuPd,GPIO_Label,GPIO_ModeDefaultOutputPP
PD12.Signal=S_TIM4_CH1
ProjectManager.ToolChainLocation=
PG1.GPIO_PuPd=GPIO_NOPULL
PD14.Locked=true
PA2.GPIO_Label=PORT_U
RCC.LSI_VALUE=32000
NVIC.TimeBaseIP=TIM7
TIM8.Channel-PWM\ Generation2\ CH2=TIM_CHANNEL_2
PI0.GPIO_Label=PORT_A
PH3.GPIO_Label=POWER2_CTRL
PH2.Signal=GPIO_Output
PG8.GPIO_Speed=GPIO_SPEED_FREQ_LOW
RCC.APB2CLKDivider=RCC_HCLK_DIV2
PG8.PinState=GPIO_PIN_RESET
SH.S_TIM4_CH1.0=TIM4_CH1,PWM Generation1 CH1
PF14.Signal=GPIO_Output
RCC.APB1TimFreq_Value=84000000
NVIC.BusFault_IRQn=true\:0\:0\:false\:false\:true\:false\:false\:false
SH.S_TIM5_CH1.0=TIM5_CH1,PWM Generation1 CH1
PG1.PinState=GPIO_PIN_RESET
SH.S_TIM2_CH4.ConfNb=1
PI2.GPIO_Label=PORT_Z
TIM4.Channel-PWM\ Generation4\ CH4=TIM_CHANNEL_4
PD15.Signal=S_TIM4_CH4
NVIC.TIM7_IRQn=true\:0\:0\:false\:false\:true\:false\:false\:true
ProjectManager.CustomerFirmwarePackage=
RCC.SAI_AClocksFreq_Value=24500000
PG6.GPIO_Speed=GPIO_SPEED_FREQ_LOW
PG2.GPIO_Label=LED_G
PA3.Signal=S_TIM2_CH4
CAN1.CalculateTimeQuantum=71.42857142857143
SH.S_TIM8_CH3.0=TIM8_CH3,PWM Generation3 CH3
PA2.Locked=true
VP_RTC_VS_RTC_Activate.Signal=RTC_VS_RTC_Activate
RCC.PLLSourceVirtual=RCC_PLLSOURCE_HSE
TIM4.Channel-PWM\ Generation1\ CH1=TIM_CHANNEL_1
PH12.GPIOParameters=GPIO_Label
SH.S_TIM4_CH1.ConfNb=1
PA0/WKUP.GPIOParameters=GPIO_Label
ProjectManager.ProjectFileName=DevACustom.ioc
TIM2.Channel-PWM\ Generation4\ CH4=TIM_CHANNEL_4
FREERTOS.Tasks01=indicatorTask,0,128,indicatorTaskFunc,Default,NULL,Dynamic,NULL,NULL;chassisTask,0,128,chassisTaskFunc,Default,NULL,Dynamic,NULL,NULL;gimbalTask,0,128,gimbalTaskFunc,Default,NULL,Dynamic,NULL,NULL;flywheelTask,0,128,flywheelTaskFunc,Default,NULL,Dynamic,NULL,NULL;feederTask,0,128,feederTaskFunc,Default,NULL,Dynamic,NULL,NULL;rcTask,0,128,rcTaskFunc,Default,NULL,Dynamic,NULL,NULL;sensorTask,0,128,sensorTaskFunc,Default,NULL,Dynamic,NULL,NULL
PG7.Locked=true
PD15.GPIO_Label=PORT_E
PG7.Signal=GPIO_Output
TIM5.IPParameters=Channel-PWM Generation1 CH1,Channel-PWM Generation2 CH2,Channel-PWM Generation3 CH3,Channel-PWM Generation4 CH4
CAN1.TXFP=ENABLE
Mcu.PinsNb=40
PH11.Signal=S_TIM5_CH2
PG4.GPIO_ModeDefaultOutputPP=GPIO_MODE_OUTPUT_PP
PH12.GPIO_Label=PORT_B
ProjectManager.NoMain=false
PG3.Signal=GPIO_Output
PG5.Locked=true
SH.S_TIM4_CH4.0=TIM4_CH4,PWM Generation4 CH4
PG1.Signal=GPIO_Output
PG5.Signal=GPIO_Output
PG3.Locked=true
PG1.Locked=true
VP_SYS_VS_tim7.Mode=TIM7
CAN1.IPParameters=CalculateTimeQuantum,Prescaler,TXFP,BS1,BS2
PD13.GPIOParameters=GPIO_Label
PD1.Signal=CAN1_TX
ProjectManager.DefaultFWLocation=true
RCC.VCOSAIOutputFreq_ValueQ=24500000
PF14.GPIO_Label=LED_GREEN
TIM5.Channel-PWM\ Generation3\ CH3=TIM_CHANNEL_3
ProjectManager.DeletePrevious=true
VP_RNG_VS_RNG.Mode=RNG_Activate
RCC.APB1CLKDivider=RCC_HCLK_DIV4
SH.S_TIM2_CH1_ETR.ConfNb=1
PinOutPanel.CurrentBGAView=Top
SH.S_TIM8_CH2.0=TIM8_CH2,PWM Generation2 CH2
RCC.FamilyName=M
PG8.GPIO_PuPd=GPIO_NOPULL
PD12.Locked=true
PG8.GPIO_Label=LED_A
PA13.Signal=SYS_JTMS-SWDIO
VP_FREERTOS_VS_CMSIS_V1.Signal=FREERTOS_VS_CMSIS_V1
SH.S_TIM2_CH2.0=TIM2_CH2,PWM Generation2 CH2
PG2.PinState=GPIO_PIN_RESET
PH4.Signal=GPIO_Output
CAN1.BS2=CAN_BS2_3TQ
PH11.GPIOParameters=GPIO_Label
PD12.GPIOParameters=GPIO_Label
PH4.Locked=true
CAN1.BS1=CAN_BS1_10TQ
ProjectManager.TargetToolchain=MDK-ARM V5
PG5.PinState=GPIO_PIN_RESET
TIM4.IPParameters=Channel-PWM Generation4 CH4,Channel-PWM Generation1 CH1,Channel-PWM Generation2 CH2,Channel-PWM Generation3 CH3
SH.S_TIM4_CH3.0=TIM4_CH3,PWM Generation3 CH3
VP_RNG_VS_RNG.Signal=RNG_VS_RNG
PH11.GPIO_Label=PORT_C
SH.S_TIM2_CH2.ConfNb=1
SH.S_TIM5_CH3.ConfNb=1
RCC.VcooutputI2SQ=192000000
PG7.PinState=GPIO_PIN_RESET
PG1.GPIO_ModeDefaultOutputPP=GPIO_MODE_OUTPUT_PP
PI5.GPIOParameters=GPIO_Label
PH2.GPIOParameters=GPIO_Label
PH11.Locked=true
PE11.Signal=GPIO_Output
RCC.LSE_VALUE=32768
PA1.Signal=S_TIM2_CH2
SH.S_TIM8_CH4.ConfNb=1
SH.S_TIM4_CH3.ConfNb=1
RCC.VCOI2SOutputFreq_Value=384000000
PG6.GPIOParameters=GPIO_Speed,PinState,GPIO_PuPd,GPIO_Label,GPIO_ModeDefaultOutputPP
SH.S_TIM8_CH1.0=TIM8_CH1,PWM Generation1 CH1
board=custom
RCC.VCOOutputFreq_Value=336000000
PG1.GPIO_Label=LED_H
ProjectManager.LastFirmware=true
PF14.GPIOParameters=GPIO_Label
PD1.Mode=Master
PH4.GPIO_Label=POWER3_CTRL
VP_SYS_VS_tim7.Signal=SYS_VS_tim7
PI2.GPIOParameters=GPIO_Label
PI7.Signal=S_TIM8_CH3
PH0/OSC_IN.Signal=RCC_OSC_IN
PG3.PinState=GPIO_PIN_RESET
TIM4.Channel-PWM\ Generation2\ CH2=TIM_CHANNEL_2
PI6.Locked=true
PG7.GPIO_Speed=GPIO_SPEED_FREQ_LOW
RCC.APB2Freq_Value=84000000
MxCube.Version=5.6.1
Mcu.Pin37=VP_RNG_VS_RNG
PG4.GPIOParameters=GPIO_Speed,PinState,GPIO_PuPd,GPIO_Label,GPIO_ModeDefaultOutputPP
Mcu.Pin38=VP_RTC_VS_RTC_Activate
Mcu.Pin35=PF14
SH.S_TIM2_CH3.0=TIM2_CH3,PWM Generation3 CH3
Mcu.Pin36=VP_FREERTOS_VS_CMSIS_V1
PG7.GPIO_Label=LED_B
Mcu.Pin39=VP_SYS_VS_tim7
PI2.Signal=S_TIM8_CH4
Mcu.Pin30=PA0/WKUP
PA1.GPIO_Label=PORT_T
RCC.EthernetFreq_Value=168000000
TIM2.Channel-PWM\ Generation3\ CH3=TIM_CHANNEL_3
Mcu.Pin33=PE11
PA0/WKUP.GPIO_Label=PORT_S
Mcu.Pin34=PA3
PI7.GPIO_Label=PORT_Y
Mcu.Pin31=PD12
Mcu.Pin32=PA2
SH.S_TIM5_CH4.0=TIM5_CH4,PWM Generation4 CH4
NVIC.NonMaskableInt_IRQn=true\:0\:0\:false\:false\:true\:false\:false\:false
PD14.GPIO_Label=PORT_F
PF14.Locked=true
SH.S_TIM2_CH3.ConfNb=1
SH.S_TIM5_CH4.ConfNb=1
PI0.Locked=true
PA13.Mode=Serial_Wire
ProjectManager.FreePins=false
RCC.IPParameters=48MHZClocksFreq_Value,AHBFreq_Value,APB1CLKDivider,APB1Freq_Value,APB1TimFreq_Value,APB2CLKDivider,APB2Freq_Value,APB2TimFreq_Value,CortexFreq_Value,EthernetFreq_Value,FCLKCortexFreq_Value,FamilyName,HCLKFreq_Value,HSE_VALUE,HSI_VALUE,I2SClocksFreq_Value,LSE_VALUE,LSI_VALUE,MCO2PinFreq_Value,PLLCLKFreq_Value,PLLM,PLLN,PLLQ,PLLQCLKFreq_Value,PLLSourceVirtual,RTCFreq_Value,RTCHSEDivFreq_Value,SAI_AClocksFreq_Value,SAI_BClocksFreq_Value,SYSCLKFreq_VALUE,SYSCLKSource,VCOI2SOutputFreq_Value,VCOInputFreq_Value,VCOOutputFreq_Value,VCOSAIOutputFreq_Value,VCOSAIOutputFreq_ValueQ,VcooutputI2S,VcooutputI2SQ
PE11.Locked=true
ProjectManager.AskForMigrate=true
Mcu.Name=STM32F427I(G-I)Hx
PD0.Mode=Master
PG1.GPIO_Speed=GPIO_SPEED_FREQ_LOW
Mcu.Pin26=PG1
Mcu.Pin27=PD14
RCC.RTCHSEDivFreq_Value=6000000
Mcu.Pin24=PD15
PA2.Signal=S_TIM2_CH3
ProjectManager.UnderRoot=false
Mcu.Pin25=PG2
Mcu.IP8=TIM4
Mcu.IP9=TIM5
PD14.Signal=S_TIM4_CH3
Mcu.Pin28=PD13
Mcu.IP6=SYS
Mcu.Pin29=PA1
Mcu.IP7=TIM2
ProjectManager.CoupleFile=true
RCC.48MHZClocksFreq_Value=48000000
TIM5.Channel-PWM\ Generation2\ CH2=TIM_CHANNEL_2
PD14.GPIOParameters=GPIO_Label
RCC.SYSCLKFreq_VALUE=168000000
PG7.GPIO_ModeDefaultOutputPP=GPIO_MODE_OUTPUT_PP
Mcu.Pin22=PH11
Mcu.Pin23=PH10
Mcu.Pin20=PG4
PA1.Locked=true
Mcu.Pin21=PG3
PA3.Locked=true
NVIC.ForceEnableDMAVector=true
KeepUserPlacement=false
NVIC.MemoryManagement_IRQn=true\:0\:0\:false\:false\:true\:false\:false\:false
ProjectManager.CompilerOptimize=6
PD15.Locked=true
SH.S_TIM2_CH1_ETR.0=TIM2_CH1,PWM Generation1 CH1
TIM5.Channel-PWM\ Generation1\ CH1=TIM_CHANNEL_1
PA14.Signal=SYS_JTCK-SWCLK
PG3.GPIO_Speed=GPIO_SPEED_FREQ_LOW
ProjectManager.HeapSize=0x200
Mcu.Pin15=PH5
NVIC.HardFault_IRQn=true\:0\:0\:false\:false\:true\:false\:false\:false
PH5.Locked=true
Mcu.Pin16=PG7
Mcu.Pin13=PH4
SH.S_TIM2_CH4.0=TIM2_CH4,PWM Generation4 CH4
Mcu.Pin14=PG8
Mcu.Pin19=PG5
PG4.GPIO_PuPd=GPIO_NOPULL
ProjectManager.ComputerToolchain=false
Mcu.Pin17=PG6
RCC.HSI_VALUE=16000000
Mcu.Pin18=PH12
PI6.GPIOParameters=GPIO_Label
PH2.Locked=true
RCC.PLLQ=7
NVIC.PriorityGroup=NVIC_PRIORITYGROUP_4
PH3.Signal=GPIO_Output
Mcu.Pin11=PH3
Mcu.Pin12=PH1/OSC_OUT
RCC.PLLM=6
RCC.PLLN=168
Mcu.Pin10=PH0/OSC_IN
PG3.GPIO_Label=LED_F
PG5.GPIO_Speed=GPIO_SPEED_FREQ_LOW
RCC.APB1Freq_Value=42000000
PD1.Locked=true
ProjectManager.DeviceId=STM32F427IIHx
SH.S_TIM8_CH2.ConfNb=1
PH2.GPIO_Label=POWER1_CTRL
PG7.GPIOParameters=GPIO_Speed,PinState,GPIO_PuPd,GPIO_Label,GPIO_ModeDefaultOutputPP
ProjectManager.LibraryCopy=0
SH.S_TIM5_CH1.ConfNb=1
NVIC.CAN1_RX0_IRQn=true\:5\:0\:false\:false\:true\:true\:true\:true
PA3.GPIO_Label=PORT_V
